
Microsoft Visual Studio Solution File, Format Version 12.00
# Visual Studio Version 17
VisualStudioVersion = 17.0.31919.166
MinimumVisualStudioVersion = 10.0.40219.1
Project("{2150E333-8FDC-42A3-9474-1A3956D46DE8}") = "Solution Items", "Solution Items", "{F0083E31-0152-4435-ADA8-F77D579051EA}"
	ProjectSection(SolutionItems) = preProject
		readme.md = readme.md
	EndProjectSection
EndProject
Project("{2150E333-8FDC-42A3-9474-1A3956D46DE8}") = "Libraries", "Libraries", "{61BDAEF4-241B-4770-B529-70E81EA1DC5C}"
EndProject
Project("{2150E333-8FDC-42A3-9474-1A3956D46DE8}") = "Application", "Application", "{6D32789F-8C47-4DA5-A296-D6E975054A98}"
EndProject
Project("{2150E333-8FDC-42A3-9474-1A3956D46DE8}") = "Deployments", "Deployments", "{2E02A45F-7686-49CF-9392-D445C3329A60}"
EndProject
Project("{9A19103F-16F7-4668-BE54-9A1E7A4F7556}") = "Blazr.App.Core", "Source\Application\Blazr.App.Core\Blazr.App.Core.csproj", "{00BF14C5-520B-4E05-AC84-FEF1324E2226}"
EndProject
Project("{9A19103F-16F7-4668-BE54-9A1E7A4F7556}") = "Blazr.App.Server", "Source\Deployments\Blazr.App.Server\Blazr.App.Server.csproj", "{AA4DD0FB-484C-4147-A29B-0FC6BB895DBA}"
EndProject
Project("{9A19103F-16F7-4668-BE54-9A1E7A4F7556}") = "Blazr.App.Infrastructure.SingletonDatabase", "Source\Application\Blazr.App.Infrastructure.SingletonDatabase\Blazr.App.Infrastructure.SingletonDatabase.csproj", "{A7D23655-0494-49A3-94C5-C2C26E46D540}"
EndProject
Project("{2150E333-8FDC-42A3-9474-1A3956D46DE8}") = "Aspire", "Aspire", "{83CB8AFD-8024-4A02-8B16-0D5ECC197F7E}"
EndProject
Project("{9A19103F-16F7-4668-BE54-9A1E7A4F7556}") = "Blazr.Demo.EditForm.AppHost", "Aspire\Blazr.Demo.EditForm.AppHost\Blazr.Demo.EditForm.AppHost.csproj", "{891394F4-0519-4247-869F-A372C325E045}"
EndProject
Project("{9A19103F-16F7-4668-BE54-9A1E7A4F7556}") = "Blazr.Demo.EditForm.ServiceDefaults", "Aspire\Blazr.Demo.EditForm.ServiceDefaults\Blazr.Demo.EditForm.ServiceDefaults.csproj", "{D3B2BB21-CCC4-4659-A48F-B1E5E7E9B51C}"
EndProject
Project("{9A19103F-16F7-4668-BE54-9A1E7A4F7556}") = "Blazr.App.Presentation", "Source\Application\Blazr.App.Presentation\Blazr.App.Presentation.csproj", "{99538C7B-7798-4546-BE49-D193D29774BD}"
EndProject
Project("{9A19103F-16F7-4668-BE54-9A1E7A4F7556}") = "Blazr.App.UI.Bootstrap", "Source\Application\Blazr.App.UI.Bootstrap\Blazr.App.UI.Bootstrap.csproj", "{8A21C105-6B92-4CA4-A07F-1644A236B500}"
EndProject
Project("{9A19103F-16F7-4668-BE54-9A1E7A4F7556}") = "Blazr.Bootstrap", "Source\Libraries\Blazr.Bootstrap\Blazr.Bootstrap.csproj", "{E127567C-D442-442C-A105-97D52CAF0E77}"
EndProject
Global
	GlobalSection(SolutionConfigurationPlatforms) = preSolution
		Debug|Any CPU = Debug|Any CPU
		Release|Any CPU = Release|Any CPU
	EndGlobalSection
	GlobalSection(ProjectConfigurationPlatforms) = postSolution
		{00BF14C5-520B-4E05-AC84-FEF1324E2226}.Debug|Any CPU.ActiveCfg = Debug|Any CPU
		{00BF14C5-520B-4E05-AC84-FEF1324E2226}.Debug|Any CPU.Build.0 = Debug|Any CPU
		{00BF14C5-520B-4E05-AC84-FEF1324E2226}.Release|Any CPU.ActiveCfg = Release|Any CPU
		{00BF14C5-520B-4E05-AC84-FEF1324E2226}.Release|Any CPU.Build.0 = Release|Any CPU
		{AA4DD0FB-484C-4147-A29B-0FC6BB895DBA}.Debug|Any CPU.ActiveCfg = Debug|Any CPU
		{AA4DD0FB-484C-4147-A29B-0FC6BB895DBA}.Debug|Any CPU.Build.0 = Debug|Any CPU
		{AA4DD0FB-484C-4147-A29B-0FC6BB895DBA}.Release|Any CPU.ActiveCfg = Release|Any CPU
		{AA4DD0FB-484C-4147-A29B-0FC6BB895DBA}.Release|Any CPU.Build.0 = Release|Any CPU
		{A7D23655-0494-49A3-94C5-C2C26E46D540}.Debug|Any CPU.ActiveCfg = Debug|Any CPU
		{A7D23655-0494-49A3-94C5-C2C26E46D540}.Debug|Any CPU.Build.0 = Debug|Any CPU
		{A7D23655-0494-49A3-94C5-C2C26E46D540}.Release|Any CPU.ActiveCfg = Release|Any CPU
		{A7D23655-0494-49A3-94C5-C2C26E46D540}.Release|Any CPU.Build.0 = Release|Any CPU
		{891394F4-0519-4247-869F-A372C325E045}.Debug|Any CPU.ActiveCfg = Debug|Any CPU
		{891394F4-0519-4247-869F-A372C325E045}.Debug|Any CPU.Build.0 = Debug|Any CPU
		{891394F4-0519-4247-869F-A372C325E045}.Release|Any CPU.ActiveCfg = Release|Any CPU
		{891394F4-0519-4247-869F-A372C325E045}.Release|Any CPU.Build.0 = Release|Any CPU
		{D3B2BB21-CCC4-4659-A48F-B1E5E7E9B51C}.Debug|Any CPU.ActiveCfg = Debug|Any CPU
		{D3B2BB21-CCC4-4659-A48F-B1E5E7E9B51C}.Debug|Any CPU.Build.0 = Debug|Any CPU
		{D3B2BB21-CCC4-4659-A48F-B1E5E7E9B51C}.Release|Any CPU.ActiveCfg = Release|Any CPU
		{D3B2BB21-CCC4-4659-A48F-B1E5E7E9B51C}.Release|Any CPU.Build.0 = Release|Any CPU
		{99538C7B-7798-4546-BE49-D193D29774BD}.Debug|Any CPU.ActiveCfg = Debug|Any CPU
		{99538C7B-7798-4546-BE49-D193D29774BD}.Debug|Any CPU.Build.0 = Debug|Any CPU
		{99538C7B-7798-4546-BE49-D193D29774BD}.Release|Any CPU.ActiveCfg = Release|Any CPU
		{99538C7B-7798-4546-BE49-D193D29774BD}.Release|Any CPU.Build.0 = Release|Any CPU
		{8A21C105-6B92-4CA4-A07F-1644A236B500}.Debug|Any CPU.ActiveCfg = Debug|Any CPU
		{8A21C105-6B92-4CA4-A07F-1644A236B500}.Debug|Any CPU.Build.0 = Debug|Any CPU
		{8A21C105-6B92-4CA4-A07F-1644A236B500}.Release|Any CPU.ActiveCfg = Release|Any CPU
		{8A21C105-6B92-4CA4-A07F-1644A236B500}.Release|Any CPU.Build.0 = Release|Any CPU
		{E127567C-D442-442C-A105-97D52CAF0E77}.Debug|Any CPU.ActiveCfg = Debug|Any CPU
		{E127567C-D442-442C-A105-97D52CAF0E77}.Debug|Any CPU.Build.0 = Debug|Any CPU
		{E127567C-D442-442C-A105-97D52CAF0E77}.Release|Any CPU.ActiveCfg = Release|Any CPU
		{E127567C-D442-442C-A105-97D52CAF0E77}.Release|Any CPU.Build.0 = Release|Any CPU
	EndGlobalSection
	GlobalSection(SolutionProperties) = preSolution
		HideSolutionNode = FALSE
	EndGlobalSection
	GlobalSection(NestedProjects) = preSolution
		{00BF14C5-520B-4E05-AC84-FEF1324E2226} = {6D32789F-8C47-4DA5-A296-D6E975054A98}
		{AA4DD0FB-484C-4147-A29B-0FC6BB895DBA} = {2E02A45F-7686-49CF-9392-D445C3329A60}
		{A7D23655-0494-49A3-94C5-C2C26E46D540} = {6D32789F-8C47-4DA5-A296-D6E975054A98}
		{891394F4-0519-4247-869F-A372C325E045} = {83CB8AFD-8024-4A02-8B16-0D5ECC197F7E}
		{D3B2BB21-CCC4-4659-A48F-B1E5E7E9B51C} = {83CB8AFD-8024-4A02-8B16-0D5ECC197F7E}
		{99538C7B-7798-4546-BE49-D193D29774BD} = {6D32789F-8C47-4DA5-A296-D6E975054A98}
		{8A21C105-6B92-4CA4-A07F-1644A236B500} = {6D32789F-8C47-4DA5-A296-D6E975054A98}
		{E127567C-D442-442C-A105-97D52CAF0E77} = {61BDAEF4-241B-4770-B529-70E81EA1DC5C}
	EndGlobalSection
	GlobalSection(ExtensibilityGlobals) = postSolution
		SolutionGuid = {611D2E47-2FB6-49A0-8EE8-91E60E1D3113}
	EndGlobalSection
EndGlobal
